
Microsoft Visual Studio Solution File, Format Version 12.00
# Visual Studio Version 16
VisualStudioVersion = 16.0.29418.71
MinimumVisualStudioVersion = 10.0.40219.1
Project("{FAE04EC0-301F-11D3-BF4B-00C04F79EFBC}") = "Domaci31", "Domaci31\Domaci31.csproj", "{B04534F5-849C-4D24-874F-31E9933C3392}"
EndProject
Global
	GlobalSection(SolutionConfigurationPlatforms) = preSolution
		Debug|Any CPU = Debug|Any CPU
		Release|Any CPU = Release|Any CPU
	EndGlobalSection
	GlobalSection(ProjectConfigurationPlatforms) = postSolution
		{B04534F5-849C-4D24-874F-31E9933C3392}.Debug|Any CPU.ActiveCfg = Debug|Any CPU
		{B04534F5-849C-4D24-874F-31E9933C3392}.Debug|Any CPU.Build.0 = Debug|Any CPU
		{B04534F5-849C-4D24-874F-31E9933C3392}.Release|Any CPU.ActiveCfg = Release|Any CPU
		{B04534F5-849C-4D24-874F-31E9933C3392}.Release|Any CPU.Build.0 = Release|Any CPU
	EndGlobalSection
	GlobalSection(SolutionProperties) = preSolution
		HideSolutionNode = FALSE
	EndGlobalSection
	GlobalSection(ExtensibilityGlobals) = postSolution
		SolutionGuid = {32D2F23F-CCC1-4EEB-8DE6-1C8F6270BBD2}
	EndGlobalSection
EndGlobal
